
Microsoft Visual Studio Solution File, Format Version 12.00
# Visual Studio Version 17
VisualStudioVersion = 17.3.32825.248
MinimumVisualStudioVersion = 10.0.40219.1
Project("{FAE04EC0-301F-11D3-BF4B-00C04F79EFBC}") = "MethodExercise2", "MethodExercise2\MethodExercise2.csproj", "{A8BF1A5C-2D9D-4D17-AD47-F11090A20DDD}"
EndProject
Global
	GlobalSection(SolutionConfigurationPlatforms) = preSolution
		Debug|Any CPU = Debug|Any CPU
		Release|Any CPU = Release|Any CPU
	EndGlobalSection
	GlobalSection(ProjectConfigurationPlatforms) = postSolution
		{A8BF1A5C-2D9D-4D17-AD47-F11090A20DDD}.Debug|Any CPU.ActiveCfg = Debug|Any CPU
		{A8BF1A5C-2D9D-4D17-AD47-F11090A20DDD}.Debug|Any CPU.Build.0 = Debug|Any CPU
		{A8BF1A5C-2D9D-4D17-AD47-F11090A20DDD}.Release|Any CPU.ActiveCfg = Release|Any CPU
		{A8BF1A5C-2D9D-4D17-AD47-F11090A20DDD}.Release|Any CPU.Build.0 = Release|Any CPU
	EndGlobalSection
	GlobalSection(SolutionProperties) = preSolution
		HideSolutionNode = FALSE
	EndGlobalSection
	GlobalSection(ExtensibilityGlobals) = postSolution
		SolutionGuid = {20863F79-9527-4E56-ABD9-64A91727575A}
	EndGlobalSection
EndGlobal
